<?xml version="1.0" encoding="utf-8"?>
<Project ToolsVersion="4.0" xmlns="http://schemas.microsoft.com/developer/msbuild/2003">
  <ItemGroup>
    <Filter Include="Source Files">
      <UniqueIdentifier>{7c147285-b74d-436e-b390-c73527c1f9ec}</UniqueIdentifier>
    </Filter>
    <Filter Include="Generated Files">
      <UniqueIdentifier>{ffa4db0b-8fa9-419a-987e-97f9496e5058}</UniqueIdentifier>
      <SourceControlFiles>False</SourceControlFiles>
    </Filter>
  </ItemGroup>
  <ItemGroup>
    <None Include="NSessionNativeps.def" />
  </ItemGroup>
  <ItemGroup>
    <ClCompile Include="NSessionNative_i.c">
      <Filter>Generated Files</Filter>
    </ClCompile>
    <ClCompile Include="NSessionNative_p.c">
      <Filter>Generated Files</Filter>
    </ClCompile>
    <ClCompile Include="dlldata.c">
      <Filter>Generated Files</Filter>
    </ClCompile>
  </ItemGroup>
</Project>